
Microsoft Visual Studio Solution File, Format Version 12.00
# Visual Studio 15
VisualStudioVersion = 15.0.28307.757
MinimumVisualStudioVersion = 10.0.40219.1
Project("{FAE04EC0-301F-11D3-BF4B-00C04F79EFBC}") = "AndroidJSONDemo", "AndroidJSONDemo\AndroidJSONDemo.csproj", "{7CA34F7E-3DC7-4CD0-A713-115287459992}"
EndProject
Global
	GlobalSection(SolutionConfigurationPlatforms) = preSolution
		Debug|Any CPU = Debug|Any CPU
		Release|Any CPU = Release|Any CPU
	EndGlobalSection
	GlobalSection(ProjectConfigurationPlatforms) = postSolution
		{7CA34F7E-3DC7-4CD0-A713-115287459992}.Debug|Any CPU.ActiveCfg = Debug|Any CPU
		{7CA34F7E-3DC7-4CD0-A713-115287459992}.Debug|Any CPU.Build.0 = Debug|Any CPU
		{7CA34F7E-3DC7-4CD0-A713-115287459992}.Release|Any CPU.ActiveCfg = Release|Any CPU
		{7CA34F7E-3DC7-4CD0-A713-115287459992}.Release|Any CPU.Build.0 = Release|Any CPU
	EndGlobalSection
	GlobalSection(SolutionProperties) = preSolution
		HideSolutionNode = FALSE
	EndGlobalSection
	GlobalSection(ExtensibilityGlobals) = postSolution
		SolutionGuid = {B2DACEB3-7E0D-4084-8C86-8831DD61EC95}
	EndGlobalSection
EndGlobal
